kind: Pod
apiVersion: v1
metadata:
  name: alpine-iscsi
spec:
  containers:
    - name: alpine
      image: alpine:3.19.1
      command:
        - /bin/sh
        - "-c"
        - "sleep 60m"
      volumeDevices:
        - name: data
          devicePath: /dev/xvda
  volumes:
    - name: data
      persistentVolumeClaim:
        claimName: iscsi-block-pvc
  nodeSelector:
    kubernetes.io/os: linux
